
Microsoft Visual Studio Solution File, Format Version 12.00
# Visual Studio Version 16
VisualStudioVersion = 16.0.31702.278
MinimumVisualStudioVersion = 10.0.40219.1
Project("{FAE04EC0-301F-11D3-BF4B-00C04F79EFBC}") = "password-keeper", "password-keeper\password-keeper.csproj", "{9EC38291-732D-4F3F-8317-3C42B320D4B5}"
EndProject
Global
	GlobalSection(SolutionConfigurationPlatforms) = preSolution
		Debug|Any CPU = Debug|Any CPU
		Release|Any CPU = Release|Any CPU
	EndGlobalSection
	GlobalSection(ProjectConfigurationPlatforms) = postSolution
		{9EC38291-732D-4F3F-8317-3C42B320D4B5}.Debug|Any CPU.ActiveCfg = Debug|Any CPU
		{9EC38291-732D-4F3F-8317-3C42B320D4B5}.Debug|Any CPU.Build.0 = Debug|Any CPU
		{9EC38291-732D-4F3F-8317-3C42B320D4B5}.Release|Any CPU.ActiveCfg = Release|Any CPU
		{9EC38291-732D-4F3F-8317-3C42B320D4B5}.Release|Any CPU.Build.0 = Release|Any CPU
	EndGlobalSection
	GlobalSection(SolutionProperties) = preSolution
		HideSolutionNode = FALSE
	EndGlobalSection
	GlobalSection(ExtensibilityGlobals) = postSolution
		SolutionGuid = {CBCB5227-B998-449C-A613-9ED42A3FD55E}
	EndGlobalSection
EndGlobal
